
Microsoft Visual Studio Solution File, Format Version 12.00
# Visual Studio Version 16
VisualStudioVersion = 16.0.29804.240
MinimumVisualStudioVersion = 10.0.40219.1
Project("{2150E333-8FDC-42A3-9474-1A3956D46DE8}") = "Build", "Build", "{E1ABBA80-AB79-45AC-B565-C7E91FCA9339}"
	ProjectSection(SolutionItems) = preProject
		build.props = build.props
		vendor\ffcore\msbuild\cpp.props = vendor\ffcore\msbuild\cpp.props
		vendor\ffcore\msbuild\cpp.targets = vendor\ffcore\msbuild\cpp.targets
		vendor\ffcore\msbuild\cpp.xml = vendor\ffcore\msbuild\cpp.xml
	EndProjectSection
EndProject
Project("{8BC9CEB8-8B4A-11D0-8D11-00A0C91BC942}") = "ReTron", "retron\retron-desktop.vcxproj", "{9CD231EF-367F-47D8-8F5E-7CF37C648E39}"
EndProject
Project("{FAE04EC0-301F-11D3-BF4B-00C04F79EFBC}") = "ReTron.Designer", "retron.designer\ReTron.Designer.csproj", "{9D9345C4-576B-43F4-84C3-1F2FC4EB6483}"
EndProject
Project("{8BC9CEB8-8B4A-11D0-8D11-00A0C91BC942}") = "util", "vendor\ffcore\util\util.vcxproj", "{8877EF09-1CDD-4E67-95BA-58E3B251B7D8}"
EndProject
Project("{8BC9CEB8-8B4A-11D0-8D11-00A0C91BC942}") = "util.box2d", "vendor\box2d-desktop.vcxproj", "{3DFEDC2B-4438-4CF7-8DA4-733623CB8F47}"
EndProject
Project("{8BC9CEB8-8B4A-11D0-8D11-00A0C91BC942}") = "util.dxtex", "vendor\ffcore\vendor\DirectXTex-desktop.vcxproj", "{0F70B91F-324B-4F6A-A527-BC5A86F3CC3C}"
EndProject
Project("{8BC9CEB8-8B4A-11D0-8D11-00A0C91BC942}") = "util.png", "vendor\ffcore\vendor\libpng-desktop.vcxproj", "{F031344C-BD29-4BD5-A9DF-B16824808768}"
EndProject
Project("{8BC9CEB8-8B4A-11D0-8D11-00A0C91BC942}") = "util.zlib", "vendor\ffcore\vendor\zlib-desktop.vcxproj", "{13053A8D-3FA7-4E13-A0B0-21670F523076}"
EndProject
Project("{2150E333-8FDC-42A3-9474-1A3956D46DE8}") = "Vendor", "Vendor", "{BE94EA9E-D7CF-46D8-9AA4-50097F83A5F0}"
EndProject
Project("{8BC9CEB8-8B4A-11D0-8D11-00A0C91BC942}") = "util.interactivity", "vendor\ffcore\vendor\noesis-interactivity.vcxproj", "{88455D87-AC7A-474C-875A-5F6DC86D1BDD}"
EndProject
Global
	GlobalSection(SolutionConfigurationPlatforms) = preSolution
		Debug|x64 = Debug|x64
		Debug|x86 = Debug|x86
		Release|x64 = Release|x64
		Release|x86 = Release|x86
	EndGlobalSection
	GlobalSection(ProjectConfigurationPlatforms) = postSolution
		{9CD231EF-367F-47D8-8F5E-7CF37C648E39}.Debug|x64.ActiveCfg = Debug|x64
		{9CD231EF-367F-47D8-8F5E-7CF37C648E39}.Debug|x64.Build.0 = Debug|x64
		{9CD231EF-367F-47D8-8F5E-7CF37C648E39}.Debug|x86.ActiveCfg = Debug|Win32
		{9CD231EF-367F-47D8-8F5E-7CF37C648E39}.Debug|x86.Build.0 = Debug|Win32
		{9CD231EF-367F-47D8-8F5E-7CF37C648E39}.Release|x64.ActiveCfg = Release|x64
		{9CD231EF-367F-47D8-8F5E-7CF37C648E39}.Release|x64.Build.0 = Release|x64
		{9CD231EF-367F-47D8-8F5E-7CF37C648E39}.Release|x86.ActiveCfg = Release|Win32
		{9CD231EF-367F-47D8-8F5E-7CF37C648E39}.Release|x86.Build.0 = Release|Win32
		{9D9345C4-576B-43F4-84C3-1F2FC4EB6483}.Debug|x64.ActiveCfg = Debug|Any CPU
		{9D9345C4-576B-43F4-84C3-1F2FC4EB6483}.Debug|x64.Build.0 = Debug|Any CPU
		{9D9345C4-576B-43F4-84C3-1F2FC4EB6483}.Debug|x86.ActiveCfg = Debug|Any CPU
		{9D9345C4-576B-43F4-84C3-1F2FC4EB6483}.Debug|x86.Build.0 = Debug|Any CPU
		{9D9345C4-576B-43F4-84C3-1F2FC4EB6483}.Release|x64.ActiveCfg = Release|Any CPU
		{9D9345C4-576B-43F4-84C3-1F2FC4EB6483}.Release|x64.Build.0 = Release|Any CPU
		{9D9345C4-576B-43F4-84C3-1F2FC4EB6483}.Release|x86.ActiveCfg = Release|Any CPU
		{9D9345C4-576B-43F4-84C3-1F2FC4EB6483}.Release|x86.Build.0 = Release|Any CPU
		{8877EF09-1CDD-4E67-95BA-58E3B251B7D8}.Debug|x64.ActiveCfg = Debug|x64
		{8877EF09-1CDD-4E67-95BA-58E3B251B7D8}.Debug|x64.Build.0 = Debug|x64
		{8877EF09-1CDD-4E67-95BA-58E3B251B7D8}.Debug|x86.ActiveCfg = Debug|Win32
		{8877EF09-1CDD-4E67-95BA-58E3B251B7D8}.Debug|x86.Build.0 = Debug|Win32
		{8877EF09-1CDD-4E67-95BA-58E3B251B7D8}.Release|x64.ActiveCfg = Release|x64
		{8877EF09-1CDD-4E67-95BA-58E3B251B7D8}.Release|x64.Build.0 = Release|x64
		{8877EF09-1CDD-4E67-95BA-58E3B251B7D8}.Release|x86.ActiveCfg = Release|Win32
		{8877EF09-1CDD-4E67-95BA-58E3B251B7D8}.Release|x86.Build.0 = Release|Win32
		{3DFEDC2B-4438-4CF7-8DA4-733623CB8F47}.Debug|x64.ActiveCfg = Debug|x64
		{3DFEDC2B-4438-4CF7-8DA4-733623CB8F47}.Debug|x64.Build.0 = Debug|x64
		{3DFEDC2B-4438-4CF7-8DA4-733623CB8F47}.Debug|x86.ActiveCfg = Debug|Win32
		{3DFEDC2B-4438-4CF7-8DA4-733623CB8F47}.Debug|x86.Build.0 = Debug|Win32
		{3DFEDC2B-4438-4CF7-8DA4-733623CB8F47}.Release|x64.ActiveCfg = Release|x64
		{3DFEDC2B-4438-4CF7-8DA4-733623CB8F47}.Release|x64.Build.0 = Release|x64
		{3DFEDC2B-4438-4CF7-8DA4-733623CB8F47}.Release|x86.ActiveCfg = Release|Win32
		{3DFEDC2B-4438-4CF7-8DA4-733623CB8F47}.Release|x86.Build.0 = Release|Win32
		{0F70B91F-324B-4F6A-A527-BC5A86F3CC3C}.Debug|x64.ActiveCfg = Debug|x64
		{0F70B91F-324B-4F6A-A527-BC5A86F3CC3C}.Debug|x64.Build.0 = Debug|x64
		{0F70B91F-324B-4F6A-A527-BC5A86F3CC3C}.Debug|x86.ActiveCfg = Debug|Win32
		{0F70B91F-324B-4F6A-A527-BC5A86F3CC3C}.Debug|x86.Build.0 = Debug|Win32
		{0F70B91F-324B-4F6A-A527-BC5A86F3CC3C}.Release|x64.ActiveCfg = Release|x64
		{0F70B91F-324B-4F6A-A527-BC5A86F3CC3C}.Release|x64.Build.0 = Release|x64
		{0F70B91F-324B-4F6A-A527-BC5A86F3CC3C}.Release|x86.ActiveCfg = Release|Win32
		{0F70B91F-324B-4F6A-A527-BC5A86F3CC3C}.Release|x86.Build.0 = Release|Win32
		{F031344C-BD29-4BD5-A9DF-B16824808768}.Debug|x64.ActiveCfg = Debug|x64
		{F031344C-BD29-4BD5-A9DF-B16824808768}.Debug|x64.Build.0 = Debug|x64
		{F031344C-BD29-4BD5-A9DF-B16824808768}.Debug|x86.ActiveCfg = Debug|Win32
		{F031344C-BD29-4BD5-A9DF-B16824808768}.Debug|x86.Build.0 = Debug|Win32
		{F031344C-BD29-4BD5-A9DF-B16824808768}.Release|x64.ActiveCfg = Release|x64
		{F031344C-BD29-4BD5-A9DF-B16824808768}.Release|x64.Build.0 = Release|x64
		{F031344C-BD29-4BD5-A9DF-B16824808768}.Release|x86.ActiveCfg = Release|Win32
		{F031344C-BD29-4BD5-A9DF-B16824808768}.Release|x86.Build.0 = Release|Win32
		{13053A8D-3FA7-4E13-A0B0-21670F523076}.Debug|x64.ActiveCfg = Debug|x64
		{13053A8D-3FA7-4E13-A0B0-21670F523076}.Debug|x64.Build.0 = Debug|x64
		{13053A8D-3FA7-4E13-A0B0-21670F523076}.Debug|x86.ActiveCfg = Debug|Win32
		{13053A8D-3FA7-4E13-A0B0-21670F523076}.Debug|x86.Build.0 = Debug|Win32
		{13053A8D-3FA7-4E13-A0B0-21670F523076}.Release|x64.ActiveCfg = Release|x64
		{13053A8D-3FA7-4E13-A0B0-21670F523076}.Release|x64.Build.0 = Release|x64
		{13053A8D-3FA7-4E13-A0B0-21670F523076}.Release|x86.ActiveCfg = Release|Win32
		{13053A8D-3FA7-4E13-A0B0-21670F523076}.Release|x86.Build.0 = Release|Win32
		{88455D87-AC7A-474C-875A-5F6DC86D1BDD}.Debug|x64.ActiveCfg = Debug|x64
		{88455D87-AC7A-474C-875A-5F6DC86D1BDD}.Debug|x64.Build.0 = Debug|x64
		{88455D87-AC7A-474C-875A-5F6DC86D1BDD}.Debug|x86.ActiveCfg = Debug|Win32
		{88455D87-AC7A-474C-875A-5F6DC86D1BDD}.Debug|x86.Build.0 = Debug|Win32
		{88455D87-AC7A-474C-875A-5F6DC86D1BDD}.Release|x64.ActiveCfg = Release|x64
		{88455D87-AC7A-474C-875A-5F6DC86D1BDD}.Release|x64.Build.0 = Release|x64
		{88455D87-AC7A-474C-875A-5F6DC86D1BDD}.Release|x86.ActiveCfg = Release|Win32
		{88455D87-AC7A-474C-875A-5F6DC86D1BDD}.Release|x86.Build.0 = Release|Win32
	EndGlobalSection
	GlobalSection(SolutionProperties) = preSolution
		HideSolutionNode = FALSE
	EndGlobalSection
	GlobalSection(NestedProjects) = preSolution
		{3DFEDC2B-4438-4CF7-8DA4-733623CB8F47} = {BE94EA9E-D7CF-46D8-9AA4-50097F83A5F0}
		{0F70B91F-324B-4F6A-A527-BC5A86F3CC3C} = {BE94EA9E-D7CF-46D8-9AA4-50097F83A5F0}
		{F031344C-BD29-4BD5-A9DF-B16824808768} = {BE94EA9E-D7CF-46D8-9AA4-50097F83A5F0}
		{13053A8D-3FA7-4E13-A0B0-21670F523076} = {BE94EA9E-D7CF-46D8-9AA4-50097F83A5F0}
		{88455D87-AC7A-474C-875A-5F6DC86D1BDD} = {BE94EA9E-D7CF-46D8-9AA4-50097F83A5F0}
	EndGlobalSection
	GlobalSection(ExtensibilityGlobals) = postSolution
		SolutionGuid = {9C2C9693-764C-4050-BD33-0675E8192367}
	EndGlobalSection
EndGlobal
