
Microsoft Visual Studio Solution File, Format Version 12.00
# Visual Studio Version 16
VisualStudioVersion = 16.0.29804.240
MinimumVisualStudioVersion = 10.0.40219.1
Project("{2150E333-8FDC-42A3-9474-1A3956D46DE8}") = "Build", "Build", "{E1ABBA80-AB79-45AC-B565-C7E91FCA9339}"
	ProjectSection(SolutionItems) = preProject
		build.props = build.props
		vendor\ffcore\msbuild\cpp.props = vendor\ffcore\msbuild\cpp.props
		vendor\ffcore\msbuild\cpp.targets = vendor\ffcore\msbuild\cpp.targets
		vendor\ffcore\msbuild\cpp.xml = vendor\ffcore\msbuild\cpp.xml
	EndProjectSection
EndProject
Project("{8BC9CEB8-8B4A-11D0-8D11-00A0C91BC942}") = "ReTron", "retron\retron-metro.vcxproj", "{857BF46A-94E0-4C02-A857-DF0AD4A75870}"
EndProject
Project("{FAE04EC0-301F-11D3-BF4B-00C04F79EFBC}") = "ReTron.Designer", "retron.designer\ReTron.Designer.csproj", "{9D9345C4-576B-43F4-84C3-1F2FC4EB6483}"
EndProject
Project("{8BC9CEB8-8B4A-11D0-8D11-00A0C91BC942}") = "util", "vendor\ffcore\core\util\util-metro.vcxproj", "{EFF8144D-F91E-4BBD-B09B-D6DB6B3A5512}"
EndProject
Project("{8BC9CEB8-8B4A-11D0-8D11-00A0C91BC942}") = "util.box2d", "vendor\box2d-metro.vcxproj", "{254AAF2E-8FFD-43B2-B00B-8E351D2C1012}"
EndProject
Project("{2150E333-8FDC-42A3-9474-1A3956D46DE8}") = "Vendor", "Vendor", "{194EC83F-2073-4391-A43F-634168BCB1AB}"
EndProject
Project("{8BC9CEB8-8B4A-11D0-8D11-00A0C91BC942}") = "util.dxtex", "vendor\ffcore\vendor\DirectXTex-metro.vcxproj", "{126607A1-C792-4C30-B015-FDE9DB0DF6E1}"
EndProject
Project("{8BC9CEB8-8B4A-11D0-8D11-00A0C91BC942}") = "util.png", "vendor\ffcore\vendor\libpng-metro.vcxproj", "{CA264A31-ADE3-4721-B483-8082B1386F13}"
EndProject
Project("{8BC9CEB8-8B4A-11D0-8D11-00A0C91BC942}") = "util.zlib", "vendor\ffcore\vendor\zlib-metro.vcxproj", "{839D0C2A-E8CC-4FD6-AA57-3A9CF3F700AC}"
EndProject
Global
	GlobalSection(SolutionConfigurationPlatforms) = preSolution
		Debug|ARM = Debug|ARM
		Debug|x64 = Debug|x64
		Debug|x86 = Debug|x86
		Release|ARM = Release|ARM
		Release|x64 = Release|x64
		Release|x86 = Release|x86
	EndGlobalSection
	GlobalSection(ProjectConfigurationPlatforms) = postSolution
		{857BF46A-94E0-4C02-A857-DF0AD4A75870}.Debug|ARM.ActiveCfg = Debug|ARM
		{857BF46A-94E0-4C02-A857-DF0AD4A75870}.Debug|ARM.Build.0 = Debug|ARM
		{857BF46A-94E0-4C02-A857-DF0AD4A75870}.Debug|ARM.Deploy.0 = Debug|ARM
		{857BF46A-94E0-4C02-A857-DF0AD4A75870}.Debug|x64.ActiveCfg = Debug|x64
		{857BF46A-94E0-4C02-A857-DF0AD4A75870}.Debug|x64.Build.0 = Debug|x64
		{857BF46A-94E0-4C02-A857-DF0AD4A75870}.Debug|x64.Deploy.0 = Debug|x64
		{857BF46A-94E0-4C02-A857-DF0AD4A75870}.Debug|x86.ActiveCfg = Debug|Win32
		{857BF46A-94E0-4C02-A857-DF0AD4A75870}.Debug|x86.Build.0 = Debug|Win32
		{857BF46A-94E0-4C02-A857-DF0AD4A75870}.Debug|x86.Deploy.0 = Debug|Win32
		{857BF46A-94E0-4C02-A857-DF0AD4A75870}.Release|ARM.ActiveCfg = Release|ARM
		{857BF46A-94E0-4C02-A857-DF0AD4A75870}.Release|ARM.Build.0 = Release|ARM
		{857BF46A-94E0-4C02-A857-DF0AD4A75870}.Release|ARM.Deploy.0 = Release|ARM
		{857BF46A-94E0-4C02-A857-DF0AD4A75870}.Release|x64.ActiveCfg = Release|x64
		{857BF46A-94E0-4C02-A857-DF0AD4A75870}.Release|x64.Build.0 = Release|x64
		{857BF46A-94E0-4C02-A857-DF0AD4A75870}.Release|x64.Deploy.0 = Release|x64
		{857BF46A-94E0-4C02-A857-DF0AD4A75870}.Release|x86.ActiveCfg = Release|Win32
		{857BF46A-94E0-4C02-A857-DF0AD4A75870}.Release|x86.Build.0 = Release|Win32
		{857BF46A-94E0-4C02-A857-DF0AD4A75870}.Release|x86.Deploy.0 = Release|Win32
		{9D9345C4-576B-43F4-84C3-1F2FC4EB6483}.Debug|ARM.ActiveCfg = Debug|Any CPU
		{9D9345C4-576B-43F4-84C3-1F2FC4EB6483}.Debug|ARM.Build.0 = Debug|Any CPU
		{9D9345C4-576B-43F4-84C3-1F2FC4EB6483}.Debug|x64.ActiveCfg = Debug|Any CPU
		{9D9345C4-576B-43F4-84C3-1F2FC4EB6483}.Debug|x64.Build.0 = Debug|Any CPU
		{9D9345C4-576B-43F4-84C3-1F2FC4EB6483}.Debug|x86.ActiveCfg = Debug|Any CPU
		{9D9345C4-576B-43F4-84C3-1F2FC4EB6483}.Debug|x86.Build.0 = Debug|Any CPU
		{9D9345C4-576B-43F4-84C3-1F2FC4EB6483}.Release|ARM.ActiveCfg = Release|Any CPU
		{9D9345C4-576B-43F4-84C3-1F2FC4EB6483}.Release|ARM.Build.0 = Release|Any CPU
		{9D9345C4-576B-43F4-84C3-1F2FC4EB6483}.Release|x64.ActiveCfg = Release|Any CPU
		{9D9345C4-576B-43F4-84C3-1F2FC4EB6483}.Release|x64.Build.0 = Release|Any CPU
		{9D9345C4-576B-43F4-84C3-1F2FC4EB6483}.Release|x86.ActiveCfg = Release|Any CPU
		{9D9345C4-576B-43F4-84C3-1F2FC4EB6483}.Release|x86.Build.0 = Release|Any CPU
		{EFF8144D-F91E-4BBD-B09B-D6DB6B3A5512}.Debug|ARM.ActiveCfg = Debug|ARM
		{EFF8144D-F91E-4BBD-B09B-D6DB6B3A5512}.Debug|ARM.Build.0 = Debug|ARM
		{EFF8144D-F91E-4BBD-B09B-D6DB6B3A5512}.Debug|x64.ActiveCfg = Debug|x64
		{EFF8144D-F91E-4BBD-B09B-D6DB6B3A5512}.Debug|x64.Build.0 = Debug|x64
		{EFF8144D-F91E-4BBD-B09B-D6DB6B3A5512}.Debug|x86.ActiveCfg = Debug|Win32
		{EFF8144D-F91E-4BBD-B09B-D6DB6B3A5512}.Debug|x86.Build.0 = Debug|Win32
		{EFF8144D-F91E-4BBD-B09B-D6DB6B3A5512}.Release|ARM.ActiveCfg = Release|ARM
		{EFF8144D-F91E-4BBD-B09B-D6DB6B3A5512}.Release|ARM.Build.0 = Release|ARM
		{EFF8144D-F91E-4BBD-B09B-D6DB6B3A5512}.Release|x64.ActiveCfg = Release|x64
		{EFF8144D-F91E-4BBD-B09B-D6DB6B3A5512}.Release|x64.Build.0 = Release|x64
		{EFF8144D-F91E-4BBD-B09B-D6DB6B3A5512}.Release|x86.ActiveCfg = Release|Win32
		{EFF8144D-F91E-4BBD-B09B-D6DB6B3A5512}.Release|x86.Build.0 = Release|Win32
		{254AAF2E-8FFD-43B2-B00B-8E351D2C1012}.Debug|ARM.ActiveCfg = Debug|ARM
		{254AAF2E-8FFD-43B2-B00B-8E351D2C1012}.Debug|ARM.Build.0 = Debug|ARM
		{254AAF2E-8FFD-43B2-B00B-8E351D2C1012}.Debug|x64.ActiveCfg = Debug|x64
		{254AAF2E-8FFD-43B2-B00B-8E351D2C1012}.Debug|x64.Build.0 = Debug|x64
		{254AAF2E-8FFD-43B2-B00B-8E351D2C1012}.Debug|x86.ActiveCfg = Debug|Win32
		{254AAF2E-8FFD-43B2-B00B-8E351D2C1012}.Debug|x86.Build.0 = Debug|Win32
		{254AAF2E-8FFD-43B2-B00B-8E351D2C1012}.Release|ARM.ActiveCfg = Release|ARM
		{254AAF2E-8FFD-43B2-B00B-8E351D2C1012}.Release|ARM.Build.0 = Release|ARM
		{254AAF2E-8FFD-43B2-B00B-8E351D2C1012}.Release|x64.ActiveCfg = Release|x64
		{254AAF2E-8FFD-43B2-B00B-8E351D2C1012}.Release|x64.Build.0 = Release|x64
		{254AAF2E-8FFD-43B2-B00B-8E351D2C1012}.Release|x86.ActiveCfg = Release|Win32
		{254AAF2E-8FFD-43B2-B00B-8E351D2C1012}.Release|x86.Build.0 = Release|Win32
		{126607A1-C792-4C30-B015-FDE9DB0DF6E1}.Debug|ARM.ActiveCfg = Debug|ARM
		{126607A1-C792-4C30-B015-FDE9DB0DF6E1}.Debug|ARM.Build.0 = Debug|ARM
		{126607A1-C792-4C30-B015-FDE9DB0DF6E1}.Debug|x64.ActiveCfg = Debug|x64
		{126607A1-C792-4C30-B015-FDE9DB0DF6E1}.Debug|x64.Build.0 = Debug|x64
		{126607A1-C792-4C30-B015-FDE9DB0DF6E1}.Debug|x86.ActiveCfg = Debug|Win32
		{126607A1-C792-4C30-B015-FDE9DB0DF6E1}.Debug|x86.Build.0 = Debug|Win32
		{126607A1-C792-4C30-B015-FDE9DB0DF6E1}.Release|ARM.ActiveCfg = Release|ARM
		{126607A1-C792-4C30-B015-FDE9DB0DF6E1}.Release|ARM.Build.0 = Release|ARM
		{126607A1-C792-4C30-B015-FDE9DB0DF6E1}.Release|x64.ActiveCfg = Release|x64
		{126607A1-C792-4C30-B015-FDE9DB0DF6E1}.Release|x64.Build.0 = Release|x64
		{126607A1-C792-4C30-B015-FDE9DB0DF6E1}.Release|x86.ActiveCfg = Release|Win32
		{126607A1-C792-4C30-B015-FDE9DB0DF6E1}.Release|x86.Build.0 = Release|Win32
		{CA264A31-ADE3-4721-B483-8082B1386F13}.Debug|ARM.ActiveCfg = Debug|ARM
		{CA264A31-ADE3-4721-B483-8082B1386F13}.Debug|ARM.Build.0 = Debug|ARM
		{CA264A31-ADE3-4721-B483-8082B1386F13}.Debug|x64.ActiveCfg = Debug|x64
		{CA264A31-ADE3-4721-B483-8082B1386F13}.Debug|x64.Build.0 = Debug|x64
		{CA264A31-ADE3-4721-B483-8082B1386F13}.Debug|x86.ActiveCfg = Debug|Win32
		{CA264A31-ADE3-4721-B483-8082B1386F13}.Debug|x86.Build.0 = Debug|Win32
		{CA264A31-ADE3-4721-B483-8082B1386F13}.Release|ARM.ActiveCfg = Release|ARM
		{CA264A31-ADE3-4721-B483-8082B1386F13}.Release|ARM.Build.0 = Release|ARM
		{CA264A31-ADE3-4721-B483-8082B1386F13}.Release|x64.ActiveCfg = Release|x64
		{CA264A31-ADE3-4721-B483-8082B1386F13}.Release|x64.Build.0 = Release|x64
		{CA264A31-ADE3-4721-B483-8082B1386F13}.Release|x86.ActiveCfg = Release|Win32
		{CA264A31-ADE3-4721-B483-8082B1386F13}.Release|x86.Build.0 = Release|Win32
		{839D0C2A-E8CC-4FD6-AA57-3A9CF3F700AC}.Debug|ARM.ActiveCfg = Debug|ARM
		{839D0C2A-E8CC-4FD6-AA57-3A9CF3F700AC}.Debug|ARM.Build.0 = Debug|ARM
		{839D0C2A-E8CC-4FD6-AA57-3A9CF3F700AC}.Debug|x64.ActiveCfg = Debug|x64
		{839D0C2A-E8CC-4FD6-AA57-3A9CF3F700AC}.Debug|x64.Build.0 = Debug|x64
		{839D0C2A-E8CC-4FD6-AA57-3A9CF3F700AC}.Debug|x86.ActiveCfg = Debug|Win32
		{839D0C2A-E8CC-4FD6-AA57-3A9CF3F700AC}.Debug|x86.Build.0 = Debug|Win32
		{839D0C2A-E8CC-4FD6-AA57-3A9CF3F700AC}.Release|ARM.ActiveCfg = Release|ARM
		{839D0C2A-E8CC-4FD6-AA57-3A9CF3F700AC}.Release|ARM.Build.0 = Release|ARM
		{839D0C2A-E8CC-4FD6-AA57-3A9CF3F700AC}.Release|x64.ActiveCfg = Release|x64
		{839D0C2A-E8CC-4FD6-AA57-3A9CF3F700AC}.Release|x64.Build.0 = Release|x64
		{839D0C2A-E8CC-4FD6-AA57-3A9CF3F700AC}.Release|x86.ActiveCfg = Release|Win32
		{839D0C2A-E8CC-4FD6-AA57-3A9CF3F700AC}.Release|x86.Build.0 = Release|Win32
	EndGlobalSection
	GlobalSection(SolutionProperties) = preSolution
		HideSolutionNode = FALSE
	EndGlobalSection
	GlobalSection(NestedProjects) = preSolution
		{254AAF2E-8FFD-43B2-B00B-8E351D2C1012} = {194EC83F-2073-4391-A43F-634168BCB1AB}
		{126607A1-C792-4C30-B015-FDE9DB0DF6E1} = {194EC83F-2073-4391-A43F-634168BCB1AB}
		{CA264A31-ADE3-4721-B483-8082B1386F13} = {194EC83F-2073-4391-A43F-634168BCB1AB}
		{839D0C2A-E8CC-4FD6-AA57-3A9CF3F700AC} = {194EC83F-2073-4391-A43F-634168BCB1AB}
	EndGlobalSection
	GlobalSection(ExtensibilityGlobals) = postSolution
		SolutionGuid = {9C2C9693-764C-4050-BD33-0675E8192367}
	EndGlobalSection
EndGlobal
