
Microsoft Visual Studio Solution File, Format Version 12.00
# Visual Studio Version 17
VisualStudioVersion = 17.0.31516.353
MinimumVisualStudioVersion = 10.0.40219.1
Project("{8BC9CEB8-8B4A-11D0-8D11-00A0C91BC942}") = "retron", "retron\retron.vcxproj", "{9CD231EF-367F-47D8-8F5E-7CF37C648E39}"
EndProject
Project("{8BC9CEB8-8B4A-11D0-8D11-00A0C91BC942}") = "retron_uwp", "retron\retron_uwp.vcxproj", "{857BF46A-94E0-4C02-A857-DF0AD4A75870}"
EndProject
Project("{2150E333-8FDC-42A3-9474-1A3956D46DE8}") = "build", "build", "{E1ABBA80-AB79-45AC-B565-C7E91FCA9339}"
	ProjectSection(SolutionItems) = preProject
		.editorconfig = .editorconfig
		vendor\ff_game_library\build\cpp.props = vendor\ff_game_library\build\cpp.props
		vendor\ff_game_library\build\cpp.targets = vendor\ff_game_library\build\cpp.targets
		vendor\ff_game_library\build\cpp.xml = vendor\ff_game_library\build\cpp.xml
		directory.build.props = directory.build.props
		directory.build.targets = directory.build.targets
		README.md = README.md
	EndProjectSection
EndProject
Project("{FAE04EC0-301F-11D3-BF4B-00C04F79EFBC}") = "retron_designer", "retron_designer\retron_designer.csproj", "{9D9345C4-576B-43F4-84C3-1F2FC4EB6483}"
EndProject
Project("{2150E333-8FDC-42A3-9474-1A3956D46DE8}") = "vendor", "vendor", "{BE94EA9E-D7CF-46D8-9AA4-50097F83A5F0}"
EndProject
Project("{2150E333-8FDC-42A3-9474-1A3956D46DE8}") = "ff", "ff", "{2DA2DA6B-E1BC-4DE5-8A19-6F552E412A1A}"
EndProject
Project("{8BC9CEB8-8B4A-11D0-8D11-00A0C91BC942}") = "ff.vendor.box2d", "vendor\ff.vendor.box2d.vcxproj", "{3DFEDC2B-4438-4CF7-8DA4-733623CB8F47}"
EndProject
Project("{2150E333-8FDC-42A3-9474-1A3956D46DE8}") = "vendor_uwp", "vendor_uwp", "{63E0324D-A6D2-4E6D-88B2-59E5533D1D57}"
EndProject
Project("{8BC9CEB8-8B4A-11D0-8D11-00A0C91BC942}") = "ff.vendor.box2d_uwp", "vendor\ff.vendor.box2d_uwp.vcxproj", "{254AAF2E-8FFD-43B2-B00B-8E351D2C1012}"
EndProject
Project("{8BC9CEB8-8B4A-11D0-8D11-00A0C91BC942}") = "ff.vendor.directxtex", "vendor\ff_game_library\vendor\ff.vendor.directxtex.vcxproj", "{5F0B3FD1-44D5-4524-8F61-E22098986A43}"
EndProject
Project("{8BC9CEB8-8B4A-11D0-8D11-00A0C91BC942}") = "ff.vendor.libpng", "vendor\ff_game_library\vendor\ff.vendor.libpng.vcxproj", "{7023AADB-413D-4C4E-B8A7-481484C943BA}"
EndProject
Project("{8BC9CEB8-8B4A-11D0-8D11-00A0C91BC942}") = "ff.vendor.noesis_interactivity", "vendor\ff_game_library\vendor\ff.vendor.noesis_interactivity.vcxproj", "{31F28E6F-10BC-4A6D-B992-01FD42EDB7DE}"
EndProject
Project("{8BC9CEB8-8B4A-11D0-8D11-00A0C91BC942}") = "ff.vendor.zlib", "vendor\ff_game_library\vendor\ff.vendor.zlib.vcxproj", "{D9B0464D-0E8C-48F0-98C8-FBD8BEF12BDC}"
EndProject
Project("{8BC9CEB8-8B4A-11D0-8D11-00A0C91BC942}") = "ff.vendor.directxtex_uwp", "vendor\ff_game_library\vendor\ff.vendor.directxtex_uwp.vcxproj", "{57AE618B-7B0E-4F51-B623-D1B5B90D11C9}"
EndProject
Project("{8BC9CEB8-8B4A-11D0-8D11-00A0C91BC942}") = "ff.vendor.libpng_uwp", "vendor\ff_game_library\vendor\ff.vendor.libpng_uwp.vcxproj", "{4976A08A-4CD9-4E6C-9DA7-E549D6F2295F}"
EndProject
Project("{8BC9CEB8-8B4A-11D0-8D11-00A0C91BC942}") = "ff.vendor.noesis_interactivity_uwp", "vendor\ff_game_library\vendor\ff.vendor.noesis_interactivity_uwp.vcxproj", "{7D54169C-9751-4157-9B9F-33FCF6C7B496}"
EndProject
Project("{8BC9CEB8-8B4A-11D0-8D11-00A0C91BC942}") = "ff.vendor.zlib_uwp", "vendor\ff_game_library\vendor\ff.vendor.zlib_uwp.vcxproj", "{81322AD5-41D2-429D-B8A7-BB1E1A66AFEF}"
EndProject
Project("{8BC9CEB8-8B4A-11D0-8D11-00A0C91BC942}") = "ff.application", "vendor\ff_game_library\source\ff.application\ff.application.vcxproj", "{376073E9-EA4D-4513-941C-906CA968C6C3}"
EndProject
Project("{2150E333-8FDC-42A3-9474-1A3956D46DE8}") = "ff_uwp", "ff_uwp", "{B78A1740-B1B7-462D-8EF8-C3875DFEDCEB}"
EndProject
Project("{8BC9CEB8-8B4A-11D0-8D11-00A0C91BC942}") = "ff.audio", "vendor\ff_game_library\source\ff.audio\ff.audio.vcxproj", "{7B04EB5D-8AC9-47CC-80CB-5192CB41057A}"
EndProject
Project("{8BC9CEB8-8B4A-11D0-8D11-00A0C91BC942}") = "ff.base", "vendor\ff_game_library\source\ff.base\ff.base.vcxproj", "{DFDBD2C1-61CB-4606-8E52-85B65C9AAEF2}"
EndProject
Project("{8BC9CEB8-8B4A-11D0-8D11-00A0C91BC942}") = "ff.data", "vendor\ff_game_library\source\ff.data\ff.data.vcxproj", "{76418CAD-574E-4D62-81BD-41321411FD63}"
EndProject
Project("{8BC9CEB8-8B4A-11D0-8D11-00A0C91BC942}") = "ff.dx12", "vendor\ff_game_library\source\ff.dx12\ff.dx12.vcxproj", "{8670E093-EDD1-451E-868E-ACFFB7258759}"
EndProject
Project("{8BC9CEB8-8B4A-11D0-8D11-00A0C91BC942}") = "ff.graphics", "vendor\ff_game_library\source\ff.graphics\ff.graphics.vcxproj", "{2464CDE6-763F-48FC-A587-4BB84B4B5D64}"
EndProject
Project("{8BC9CEB8-8B4A-11D0-8D11-00A0C91BC942}") = "ff.input", "vendor\ff_game_library\source\ff.input\ff.input.vcxproj", "{475230FD-C110-4B27-9C6A-8EF1C11B5A2E}"
EndProject
Project("{8BC9CEB8-8B4A-11D0-8D11-00A0C91BC942}") = "ff.resource", "vendor\ff_game_library\source\ff.resource\ff.resource.vcxproj", "{E684FB9B-D6E4-41C4-90C8-414ABF1E6006}"
EndProject
Project("{8BC9CEB8-8B4A-11D0-8D11-00A0C91BC942}") = "ff.ui", "vendor\ff_game_library\source\ff.ui\ff.ui.vcxproj", "{8147A742-08AC-49FD-8C51-3956E1A65E16}"
EndProject
Project("{8BC9CEB8-8B4A-11D0-8D11-00A0C91BC942}") = "ff.application_uwp", "vendor\ff_game_library\source\ff.application\ff.application_uwp.vcxproj", "{513B0EBC-4A6B-455F-B190-7864F3092778}"
EndProject
Project("{8BC9CEB8-8B4A-11D0-8D11-00A0C91BC942}") = "ff.audio_uwp", "vendor\ff_game_library\source\ff.audio\ff.audio_uwp.vcxproj", "{E3BF3073-8DA5-4D8A-954B-9CE0BFC04A16}"
EndProject
Project("{8BC9CEB8-8B4A-11D0-8D11-00A0C91BC942}") = "ff.base_uwp", "vendor\ff_game_library\source\ff.base\ff.base_uwp.vcxproj", "{EA1C6536-053D-4947-89AD-CE4FCE4671C2}"
EndProject
Project("{8BC9CEB8-8B4A-11D0-8D11-00A0C91BC942}") = "ff.data_uwp", "vendor\ff_game_library\source\ff.data\ff.data_uwp.vcxproj", "{D8B24569-074B-41E2-9F23-094D2CC61FA4}"
EndProject
Project("{8BC9CEB8-8B4A-11D0-8D11-00A0C91BC942}") = "ff.dx12_uwp", "vendor\ff_game_library\source\ff.dx12\ff.dx12_uwp.vcxproj", "{BC64E930-33B0-4D7C-827F-8E692BCB5C40}"
EndProject
Project("{8BC9CEB8-8B4A-11D0-8D11-00A0C91BC942}") = "ff.graphics_uwp", "vendor\ff_game_library\source\ff.graphics\ff.graphics_uwp.vcxproj", "{EABBDAC6-970E-403E-A7C9-ECC410B2A040}"
EndProject
Project("{8BC9CEB8-8B4A-11D0-8D11-00A0C91BC942}") = "ff.input_uwp", "vendor\ff_game_library\source\ff.input\ff.input_uwp.vcxproj", "{F3F87D0D-69B7-4187-95B0-BFC0DD83E311}"
EndProject
Project("{8BC9CEB8-8B4A-11D0-8D11-00A0C91BC942}") = "ff.resource_uwp", "vendor\ff_game_library\source\ff.resource\ff.resource_uwp.vcxproj", "{AA32970A-8178-4979-8C52-EA30EEBB77C9}"
EndProject
Project("{8BC9CEB8-8B4A-11D0-8D11-00A0C91BC942}") = "ff.ui_uwp", "vendor\ff_game_library\source\ff.ui\ff.ui_uwp.vcxproj", "{279176CB-1DB1-40EA-AA60-1A0469E8A6D8}"
EndProject
Project("{8BC9CEB8-8B4A-11D0-8D11-00A0C91BC942}") = "ff.dxgi", "vendor\ff_game_library\source\ff.dxgi\ff.dxgi.vcxproj", "{A4EA1E4F-874E-4D9A-8CE1-5483C5C8C33E}"
EndProject
Project("{8BC9CEB8-8B4A-11D0-8D11-00A0C91BC942}") = "ff.dxgi_uwp", "vendor\ff_game_library\source\ff.dxgi\ff.dxgi_uwp.vcxproj", "{8D48C235-4204-4094-B2C0-442DD544EE54}"
EndProject
Global
	GlobalSection(SolutionConfigurationPlatforms) = preSolution
		Debug|x64 = Debug|x64
		Profile|x64 = Profile|x64
		Release|x64 = Release|x64
	EndGlobalSection
	GlobalSection(ProjectConfigurationPlatforms) = postSolution
		{9CD231EF-367F-47D8-8F5E-7CF37C648E39}.Debug|x64.ActiveCfg = Debug|x64
		{9CD231EF-367F-47D8-8F5E-7CF37C648E39}.Debug|x64.Build.0 = Debug|x64
		{9CD231EF-367F-47D8-8F5E-7CF37C648E39}.Profile|x64.ActiveCfg = Profile|x64
		{9CD231EF-367F-47D8-8F5E-7CF37C648E39}.Profile|x64.Build.0 = Profile|x64
		{9CD231EF-367F-47D8-8F5E-7CF37C648E39}.Release|x64.ActiveCfg = Release|x64
		{9CD231EF-367F-47D8-8F5E-7CF37C648E39}.Release|x64.Build.0 = Release|x64
		{857BF46A-94E0-4C02-A857-DF0AD4A75870}.Debug|x64.ActiveCfg = Debug|x64
		{857BF46A-94E0-4C02-A857-DF0AD4A75870}.Debug|x64.Build.0 = Debug|x64
		{857BF46A-94E0-4C02-A857-DF0AD4A75870}.Debug|x64.Deploy.0 = Debug|x64
		{857BF46A-94E0-4C02-A857-DF0AD4A75870}.Profile|x64.ActiveCfg = Profile|x64
		{857BF46A-94E0-4C02-A857-DF0AD4A75870}.Profile|x64.Build.0 = Profile|x64
		{857BF46A-94E0-4C02-A857-DF0AD4A75870}.Profile|x64.Deploy.0 = Profile|x64
		{857BF46A-94E0-4C02-A857-DF0AD4A75870}.Release|x64.ActiveCfg = Release|x64
		{857BF46A-94E0-4C02-A857-DF0AD4A75870}.Release|x64.Build.0 = Release|x64
		{857BF46A-94E0-4C02-A857-DF0AD4A75870}.Release|x64.Deploy.0 = Release|x64
		{9D9345C4-576B-43F4-84C3-1F2FC4EB6483}.Debug|x64.ActiveCfg = Debug|Any CPU
		{9D9345C4-576B-43F4-84C3-1F2FC4EB6483}.Debug|x64.Build.0 = Debug|Any CPU
		{9D9345C4-576B-43F4-84C3-1F2FC4EB6483}.Profile|x64.ActiveCfg = Release|Any CPU
		{9D9345C4-576B-43F4-84C3-1F2FC4EB6483}.Profile|x64.Build.0 = Release|Any CPU
		{9D9345C4-576B-43F4-84C3-1F2FC4EB6483}.Release|x64.ActiveCfg = Release|Any CPU
		{9D9345C4-576B-43F4-84C3-1F2FC4EB6483}.Release|x64.Build.0 = Release|Any CPU
		{3DFEDC2B-4438-4CF7-8DA4-733623CB8F47}.Debug|x64.ActiveCfg = Debug|x64
		{3DFEDC2B-4438-4CF7-8DA4-733623CB8F47}.Debug|x64.Build.0 = Debug|x64
		{3DFEDC2B-4438-4CF7-8DA4-733623CB8F47}.Profile|x64.ActiveCfg = Profile|x64
		{3DFEDC2B-4438-4CF7-8DA4-733623CB8F47}.Profile|x64.Build.0 = Profile|x64
		{3DFEDC2B-4438-4CF7-8DA4-733623CB8F47}.Release|x64.ActiveCfg = Release|x64
		{3DFEDC2B-4438-4CF7-8DA4-733623CB8F47}.Release|x64.Build.0 = Release|x64
		{254AAF2E-8FFD-43B2-B00B-8E351D2C1012}.Debug|x64.ActiveCfg = Debug|x64
		{254AAF2E-8FFD-43B2-B00B-8E351D2C1012}.Debug|x64.Build.0 = Debug|x64
		{254AAF2E-8FFD-43B2-B00B-8E351D2C1012}.Profile|x64.ActiveCfg = Profile|x64
		{254AAF2E-8FFD-43B2-B00B-8E351D2C1012}.Profile|x64.Build.0 = Profile|x64
		{254AAF2E-8FFD-43B2-B00B-8E351D2C1012}.Release|x64.ActiveCfg = Release|x64
		{254AAF2E-8FFD-43B2-B00B-8E351D2C1012}.Release|x64.Build.0 = Release|x64
		{5F0B3FD1-44D5-4524-8F61-E22098986A43}.Debug|x64.ActiveCfg = Debug|x64
		{5F0B3FD1-44D5-4524-8F61-E22098986A43}.Debug|x64.Build.0 = Debug|x64
		{5F0B3FD1-44D5-4524-8F61-E22098986A43}.Profile|x64.ActiveCfg = Profile|x64
		{5F0B3FD1-44D5-4524-8F61-E22098986A43}.Profile|x64.Build.0 = Profile|x64
		{5F0B3FD1-44D5-4524-8F61-E22098986A43}.Release|x64.ActiveCfg = Release|x64
		{5F0B3FD1-44D5-4524-8F61-E22098986A43}.Release|x64.Build.0 = Release|x64
		{7023AADB-413D-4C4E-B8A7-481484C943BA}.Debug|x64.ActiveCfg = Debug|x64
		{7023AADB-413D-4C4E-B8A7-481484C943BA}.Debug|x64.Build.0 = Debug|x64
		{7023AADB-413D-4C4E-B8A7-481484C943BA}.Profile|x64.ActiveCfg = Profile|x64
		{7023AADB-413D-4C4E-B8A7-481484C943BA}.Profile|x64.Build.0 = Profile|x64
		{7023AADB-413D-4C4E-B8A7-481484C943BA}.Release|x64.ActiveCfg = Release|x64
		{7023AADB-413D-4C4E-B8A7-481484C943BA}.Release|x64.Build.0 = Release|x64
		{31F28E6F-10BC-4A6D-B992-01FD42EDB7DE}.Debug|x64.ActiveCfg = Debug|x64
		{31F28E6F-10BC-4A6D-B992-01FD42EDB7DE}.Debug|x64.Build.0 = Debug|x64
		{31F28E6F-10BC-4A6D-B992-01FD42EDB7DE}.Profile|x64.ActiveCfg = Profile|x64
		{31F28E6F-10BC-4A6D-B992-01FD42EDB7DE}.Profile|x64.Build.0 = Profile|x64
		{31F28E6F-10BC-4A6D-B992-01FD42EDB7DE}.Release|x64.ActiveCfg = Release|x64
		{31F28E6F-10BC-4A6D-B992-01FD42EDB7DE}.Release|x64.Build.0 = Release|x64
		{D9B0464D-0E8C-48F0-98C8-FBD8BEF12BDC}.Debug|x64.ActiveCfg = Debug|x64
		{D9B0464D-0E8C-48F0-98C8-FBD8BEF12BDC}.Debug|x64.Build.0 = Debug|x64
		{D9B0464D-0E8C-48F0-98C8-FBD8BEF12BDC}.Profile|x64.ActiveCfg = Profile|x64
		{D9B0464D-0E8C-48F0-98C8-FBD8BEF12BDC}.Profile|x64.Build.0 = Profile|x64
		{D9B0464D-0E8C-48F0-98C8-FBD8BEF12BDC}.Release|x64.ActiveCfg = Release|x64
		{D9B0464D-0E8C-48F0-98C8-FBD8BEF12BDC}.Release|x64.Build.0 = Release|x64
		{57AE618B-7B0E-4F51-B623-D1B5B90D11C9}.Debug|x64.ActiveCfg = Debug|x64
		{57AE618B-7B0E-4F51-B623-D1B5B90D11C9}.Debug|x64.Build.0 = Debug|x64
		{57AE618B-7B0E-4F51-B623-D1B5B90D11C9}.Profile|x64.ActiveCfg = Profile|x64
		{57AE618B-7B0E-4F51-B623-D1B5B90D11C9}.Profile|x64.Build.0 = Profile|x64
		{57AE618B-7B0E-4F51-B623-D1B5B90D11C9}.Release|x64.ActiveCfg = Release|x64
		{57AE618B-7B0E-4F51-B623-D1B5B90D11C9}.Release|x64.Build.0 = Release|x64
		{4976A08A-4CD9-4E6C-9DA7-E549D6F2295F}.Debug|x64.ActiveCfg = Debug|x64
		{4976A08A-4CD9-4E6C-9DA7-E549D6F2295F}.Debug|x64.Build.0 = Debug|x64
		{4976A08A-4CD9-4E6C-9DA7-E549D6F2295F}.Profile|x64.ActiveCfg = Profile|x64
		{4976A08A-4CD9-4E6C-9DA7-E549D6F2295F}.Profile|x64.Build.0 = Profile|x64
		{4976A08A-4CD9-4E6C-9DA7-E549D6F2295F}.Release|x64.ActiveCfg = Release|x64
		{4976A08A-4CD9-4E6C-9DA7-E549D6F2295F}.Release|x64.Build.0 = Release|x64
		{7D54169C-9751-4157-9B9F-33FCF6C7B496}.Debug|x64.ActiveCfg = Debug|x64
		{7D54169C-9751-4157-9B9F-33FCF6C7B496}.Debug|x64.Build.0 = Debug|x64
		{7D54169C-9751-4157-9B9F-33FCF6C7B496}.Profile|x64.ActiveCfg = Profile|x64
		{7D54169C-9751-4157-9B9F-33FCF6C7B496}.Profile|x64.Build.0 = Profile|x64
		{7D54169C-9751-4157-9B9F-33FCF6C7B496}.Release|x64.ActiveCfg = Release|x64
		{7D54169C-9751-4157-9B9F-33FCF6C7B496}.Release|x64.Build.0 = Release|x64
		{81322AD5-41D2-429D-B8A7-BB1E1A66AFEF}.Debug|x64.ActiveCfg = Debug|x64
		{81322AD5-41D2-429D-B8A7-BB1E1A66AFEF}.Debug|x64.Build.0 = Debug|x64
		{81322AD5-41D2-429D-B8A7-BB1E1A66AFEF}.Profile|x64.ActiveCfg = Profile|x64
		{81322AD5-41D2-429D-B8A7-BB1E1A66AFEF}.Profile|x64.Build.0 = Profile|x64
		{81322AD5-41D2-429D-B8A7-BB1E1A66AFEF}.Release|x64.ActiveCfg = Release|x64
		{81322AD5-41D2-429D-B8A7-BB1E1A66AFEF}.Release|x64.Build.0 = Release|x64
		{376073E9-EA4D-4513-941C-906CA968C6C3}.Debug|x64.ActiveCfg = Debug|x64
		{376073E9-EA4D-4513-941C-906CA968C6C3}.Debug|x64.Build.0 = Debug|x64
		{376073E9-EA4D-4513-941C-906CA968C6C3}.Profile|x64.ActiveCfg = Profile|x64
		{376073E9-EA4D-4513-941C-906CA968C6C3}.Profile|x64.Build.0 = Profile|x64
		{376073E9-EA4D-4513-941C-906CA968C6C3}.Release|x64.ActiveCfg = Release|x64
		{376073E9-EA4D-4513-941C-906CA968C6C3}.Release|x64.Build.0 = Release|x64
		{7B04EB5D-8AC9-47CC-80CB-5192CB41057A}.Debug|x64.ActiveCfg = Debug|x64
		{7B04EB5D-8AC9-47CC-80CB-5192CB41057A}.Debug|x64.Build.0 = Debug|x64
		{7B04EB5D-8AC9-47CC-80CB-5192CB41057A}.Profile|x64.ActiveCfg = Profile|x64
		{7B04EB5D-8AC9-47CC-80CB-5192CB41057A}.Profile|x64.Build.0 = Profile|x64
		{7B04EB5D-8AC9-47CC-80CB-5192CB41057A}.Release|x64.ActiveCfg = Release|x64
		{7B04EB5D-8AC9-47CC-80CB-5192CB41057A}.Release|x64.Build.0 = Release|x64
		{DFDBD2C1-61CB-4606-8E52-85B65C9AAEF2}.Debug|x64.ActiveCfg = Debug|x64
		{DFDBD2C1-61CB-4606-8E52-85B65C9AAEF2}.Debug|x64.Build.0 = Debug|x64
		{DFDBD2C1-61CB-4606-8E52-85B65C9AAEF2}.Profile|x64.ActiveCfg = Profile|x64
		{DFDBD2C1-61CB-4606-8E52-85B65C9AAEF2}.Profile|x64.Build.0 = Profile|x64
		{DFDBD2C1-61CB-4606-8E52-85B65C9AAEF2}.Release|x64.ActiveCfg = Release|x64
		{DFDBD2C1-61CB-4606-8E52-85B65C9AAEF2}.Release|x64.Build.0 = Release|x64
		{76418CAD-574E-4D62-81BD-41321411FD63}.Debug|x64.ActiveCfg = Debug|x64
		{76418CAD-574E-4D62-81BD-41321411FD63}.Debug|x64.Build.0 = Debug|x64
		{76418CAD-574E-4D62-81BD-41321411FD63}.Profile|x64.ActiveCfg = Profile|x64
		{76418CAD-574E-4D62-81BD-41321411FD63}.Profile|x64.Build.0 = Profile|x64
		{76418CAD-574E-4D62-81BD-41321411FD63}.Release|x64.ActiveCfg = Release|x64
		{76418CAD-574E-4D62-81BD-41321411FD63}.Release|x64.Build.0 = Release|x64
		{8670E093-EDD1-451E-868E-ACFFB7258759}.Debug|x64.ActiveCfg = Debug|x64
		{8670E093-EDD1-451E-868E-ACFFB7258759}.Debug|x64.Build.0 = Debug|x64
		{8670E093-EDD1-451E-868E-ACFFB7258759}.Profile|x64.ActiveCfg = Profile|x64
		{8670E093-EDD1-451E-868E-ACFFB7258759}.Profile|x64.Build.0 = Profile|x64
		{8670E093-EDD1-451E-868E-ACFFB7258759}.Release|x64.ActiveCfg = Release|x64
		{8670E093-EDD1-451E-868E-ACFFB7258759}.Release|x64.Build.0 = Release|x64
		{2464CDE6-763F-48FC-A587-4BB84B4B5D64}.Debug|x64.ActiveCfg = Debug|x64
		{2464CDE6-763F-48FC-A587-4BB84B4B5D64}.Debug|x64.Build.0 = Debug|x64
		{2464CDE6-763F-48FC-A587-4BB84B4B5D64}.Profile|x64.ActiveCfg = Profile|x64
		{2464CDE6-763F-48FC-A587-4BB84B4B5D64}.Profile|x64.Build.0 = Profile|x64
		{2464CDE6-763F-48FC-A587-4BB84B4B5D64}.Release|x64.ActiveCfg = Release|x64
		{2464CDE6-763F-48FC-A587-4BB84B4B5D64}.Release|x64.Build.0 = Release|x64
		{475230FD-C110-4B27-9C6A-8EF1C11B5A2E}.Debug|x64.ActiveCfg = Debug|x64
		{475230FD-C110-4B27-9C6A-8EF1C11B5A2E}.Debug|x64.Build.0 = Debug|x64
		{475230FD-C110-4B27-9C6A-8EF1C11B5A2E}.Profile|x64.ActiveCfg = Profile|x64
		{475230FD-C110-4B27-9C6A-8EF1C11B5A2E}.Profile|x64.Build.0 = Profile|x64
		{475230FD-C110-4B27-9C6A-8EF1C11B5A2E}.Release|x64.ActiveCfg = Release|x64
		{475230FD-C110-4B27-9C6A-8EF1C11B5A2E}.Release|x64.Build.0 = Release|x64
		{E684FB9B-D6E4-41C4-90C8-414ABF1E6006}.Debug|x64.ActiveCfg = Debug|x64
		{E684FB9B-D6E4-41C4-90C8-414ABF1E6006}.Debug|x64.Build.0 = Debug|x64
		{E684FB9B-D6E4-41C4-90C8-414ABF1E6006}.Profile|x64.ActiveCfg = Profile|x64
		{E684FB9B-D6E4-41C4-90C8-414ABF1E6006}.Profile|x64.Build.0 = Profile|x64
		{E684FB9B-D6E4-41C4-90C8-414ABF1E6006}.Release|x64.ActiveCfg = Release|x64
		{E684FB9B-D6E4-41C4-90C8-414ABF1E6006}.Release|x64.Build.0 = Release|x64
		{8147A742-08AC-49FD-8C51-3956E1A65E16}.Debug|x64.ActiveCfg = Debug|x64
		{8147A742-08AC-49FD-8C51-3956E1A65E16}.Debug|x64.Build.0 = Debug|x64
		{8147A742-08AC-49FD-8C51-3956E1A65E16}.Profile|x64.ActiveCfg = Profile|x64
		{8147A742-08AC-49FD-8C51-3956E1A65E16}.Profile|x64.Build.0 = Profile|x64
		{8147A742-08AC-49FD-8C51-3956E1A65E16}.Release|x64.ActiveCfg = Release|x64
		{8147A742-08AC-49FD-8C51-3956E1A65E16}.Release|x64.Build.0 = Release|x64
		{513B0EBC-4A6B-455F-B190-7864F3092778}.Debug|x64.ActiveCfg = Debug|x64
		{513B0EBC-4A6B-455F-B190-7864F3092778}.Debug|x64.Build.0 = Debug|x64
		{513B0EBC-4A6B-455F-B190-7864F3092778}.Profile|x64.ActiveCfg = Profile|x64
		{513B0EBC-4A6B-455F-B190-7864F3092778}.Profile|x64.Build.0 = Profile|x64
		{513B0EBC-4A6B-455F-B190-7864F3092778}.Release|x64.ActiveCfg = Release|x64
		{513B0EBC-4A6B-455F-B190-7864F3092778}.Release|x64.Build.0 = Release|x64
		{E3BF3073-8DA5-4D8A-954B-9CE0BFC04A16}.Debug|x64.ActiveCfg = Debug|x64
		{E3BF3073-8DA5-4D8A-954B-9CE0BFC04A16}.Debug|x64.Build.0 = Debug|x64
		{E3BF3073-8DA5-4D8A-954B-9CE0BFC04A16}.Profile|x64.ActiveCfg = Profile|x64
		{E3BF3073-8DA5-4D8A-954B-9CE0BFC04A16}.Profile|x64.Build.0 = Profile|x64
		{E3BF3073-8DA5-4D8A-954B-9CE0BFC04A16}.Release|x64.ActiveCfg = Release|x64
		{E3BF3073-8DA5-4D8A-954B-9CE0BFC04A16}.Release|x64.Build.0 = Release|x64
		{EA1C6536-053D-4947-89AD-CE4FCE4671C2}.Debug|x64.ActiveCfg = Debug|x64
		{EA1C6536-053D-4947-89AD-CE4FCE4671C2}.Debug|x64.Build.0 = Debug|x64
		{EA1C6536-053D-4947-89AD-CE4FCE4671C2}.Profile|x64.ActiveCfg = Profile|x64
		{EA1C6536-053D-4947-89AD-CE4FCE4671C2}.Profile|x64.Build.0 = Profile|x64
		{EA1C6536-053D-4947-89AD-CE4FCE4671C2}.Release|x64.ActiveCfg = Release|x64
		{EA1C6536-053D-4947-89AD-CE4FCE4671C2}.Release|x64.Build.0 = Release|x64
		{D8B24569-074B-41E2-9F23-094D2CC61FA4}.Debug|x64.ActiveCfg = Debug|x64
		{D8B24569-074B-41E2-9F23-094D2CC61FA4}.Debug|x64.Build.0 = Debug|x64
		{D8B24569-074B-41E2-9F23-094D2CC61FA4}.Profile|x64.ActiveCfg = Profile|x64
		{D8B24569-074B-41E2-9F23-094D2CC61FA4}.Profile|x64.Build.0 = Profile|x64
		{D8B24569-074B-41E2-9F23-094D2CC61FA4}.Release|x64.ActiveCfg = Release|x64
		{D8B24569-074B-41E2-9F23-094D2CC61FA4}.Release|x64.Build.0 = Release|x64
		{BC64E930-33B0-4D7C-827F-8E692BCB5C40}.Debug|x64.ActiveCfg = Debug|x64
		{BC64E930-33B0-4D7C-827F-8E692BCB5C40}.Debug|x64.Build.0 = Debug|x64
		{BC64E930-33B0-4D7C-827F-8E692BCB5C40}.Profile|x64.ActiveCfg = Profile|x64
		{BC64E930-33B0-4D7C-827F-8E692BCB5C40}.Profile|x64.Build.0 = Profile|x64
		{BC64E930-33B0-4D7C-827F-8E692BCB5C40}.Release|x64.ActiveCfg = Release|x64
		{BC64E930-33B0-4D7C-827F-8E692BCB5C40}.Release|x64.Build.0 = Release|x64
		{EABBDAC6-970E-403E-A7C9-ECC410B2A040}.Debug|x64.ActiveCfg = Debug|x64
		{EABBDAC6-970E-403E-A7C9-ECC410B2A040}.Debug|x64.Build.0 = Debug|x64
		{EABBDAC6-970E-403E-A7C9-ECC410B2A040}.Profile|x64.ActiveCfg = Profile|x64
		{EABBDAC6-970E-403E-A7C9-ECC410B2A040}.Profile|x64.Build.0 = Profile|x64
		{EABBDAC6-970E-403E-A7C9-ECC410B2A040}.Release|x64.ActiveCfg = Release|x64
		{EABBDAC6-970E-403E-A7C9-ECC410B2A040}.Release|x64.Build.0 = Release|x64
		{F3F87D0D-69B7-4187-95B0-BFC0DD83E311}.Debug|x64.ActiveCfg = Debug|x64
		{F3F87D0D-69B7-4187-95B0-BFC0DD83E311}.Debug|x64.Build.0 = Debug|x64
		{F3F87D0D-69B7-4187-95B0-BFC0DD83E311}.Profile|x64.ActiveCfg = Profile|x64
		{F3F87D0D-69B7-4187-95B0-BFC0DD83E311}.Profile|x64.Build.0 = Profile|x64
		{F3F87D0D-69B7-4187-95B0-BFC0DD83E311}.Release|x64.ActiveCfg = Release|x64
		{F3F87D0D-69B7-4187-95B0-BFC0DD83E311}.Release|x64.Build.0 = Release|x64
		{AA32970A-8178-4979-8C52-EA30EEBB77C9}.Debug|x64.ActiveCfg = Debug|x64
		{AA32970A-8178-4979-8C52-EA30EEBB77C9}.Debug|x64.Build.0 = Debug|x64
		{AA32970A-8178-4979-8C52-EA30EEBB77C9}.Profile|x64.ActiveCfg = Profile|x64
		{AA32970A-8178-4979-8C52-EA30EEBB77C9}.Profile|x64.Build.0 = Profile|x64
		{AA32970A-8178-4979-8C52-EA30EEBB77C9}.Release|x64.ActiveCfg = Release|x64
		{AA32970A-8178-4979-8C52-EA30EEBB77C9}.Release|x64.Build.0 = Release|x64
		{279176CB-1DB1-40EA-AA60-1A0469E8A6D8}.Debug|x64.ActiveCfg = Debug|x64
		{279176CB-1DB1-40EA-AA60-1A0469E8A6D8}.Debug|x64.Build.0 = Debug|x64
		{279176CB-1DB1-40EA-AA60-1A0469E8A6D8}.Profile|x64.ActiveCfg = Profile|x64
		{279176CB-1DB1-40EA-AA60-1A0469E8A6D8}.Profile|x64.Build.0 = Profile|x64
		{279176CB-1DB1-40EA-AA60-1A0469E8A6D8}.Release|x64.ActiveCfg = Release|x64
		{279176CB-1DB1-40EA-AA60-1A0469E8A6D8}.Release|x64.Build.0 = Release|x64
		{A4EA1E4F-874E-4D9A-8CE1-5483C5C8C33E}.Debug|x64.ActiveCfg = Debug|x64
		{A4EA1E4F-874E-4D9A-8CE1-5483C5C8C33E}.Debug|x64.Build.0 = Debug|x64
		{A4EA1E4F-874E-4D9A-8CE1-5483C5C8C33E}.Profile|x64.ActiveCfg = Profile|x64
		{A4EA1E4F-874E-4D9A-8CE1-5483C5C8C33E}.Profile|x64.Build.0 = Profile|x64
		{A4EA1E4F-874E-4D9A-8CE1-5483C5C8C33E}.Release|x64.ActiveCfg = Release|x64
		{A4EA1E4F-874E-4D9A-8CE1-5483C5C8C33E}.Release|x64.Build.0 = Release|x64
		{8D48C235-4204-4094-B2C0-442DD544EE54}.Debug|x64.ActiveCfg = Debug|x64
		{8D48C235-4204-4094-B2C0-442DD544EE54}.Debug|x64.Build.0 = Debug|x64
		{8D48C235-4204-4094-B2C0-442DD544EE54}.Profile|x64.ActiveCfg = Profile|x64
		{8D48C235-4204-4094-B2C0-442DD544EE54}.Profile|x64.Build.0 = Profile|x64
		{8D48C235-4204-4094-B2C0-442DD544EE54}.Release|x64.ActiveCfg = Release|x64
		{8D48C235-4204-4094-B2C0-442DD544EE54}.Release|x64.Build.0 = Release|x64
	EndGlobalSection
	GlobalSection(SolutionProperties) = preSolution
		HideSolutionNode = FALSE
	EndGlobalSection
	GlobalSection(NestedProjects) = preSolution
		{3DFEDC2B-4438-4CF7-8DA4-733623CB8F47} = {BE94EA9E-D7CF-46D8-9AA4-50097F83A5F0}
		{254AAF2E-8FFD-43B2-B00B-8E351D2C1012} = {63E0324D-A6D2-4E6D-88B2-59E5533D1D57}
		{5F0B3FD1-44D5-4524-8F61-E22098986A43} = {BE94EA9E-D7CF-46D8-9AA4-50097F83A5F0}
		{7023AADB-413D-4C4E-B8A7-481484C943BA} = {BE94EA9E-D7CF-46D8-9AA4-50097F83A5F0}
		{31F28E6F-10BC-4A6D-B992-01FD42EDB7DE} = {BE94EA9E-D7CF-46D8-9AA4-50097F83A5F0}
		{D9B0464D-0E8C-48F0-98C8-FBD8BEF12BDC} = {BE94EA9E-D7CF-46D8-9AA4-50097F83A5F0}
		{57AE618B-7B0E-4F51-B623-D1B5B90D11C9} = {63E0324D-A6D2-4E6D-88B2-59E5533D1D57}
		{4976A08A-4CD9-4E6C-9DA7-E549D6F2295F} = {63E0324D-A6D2-4E6D-88B2-59E5533D1D57}
		{7D54169C-9751-4157-9B9F-33FCF6C7B496} = {63E0324D-A6D2-4E6D-88B2-59E5533D1D57}
		{81322AD5-41D2-429D-B8A7-BB1E1A66AFEF} = {63E0324D-A6D2-4E6D-88B2-59E5533D1D57}
		{376073E9-EA4D-4513-941C-906CA968C6C3} = {2DA2DA6B-E1BC-4DE5-8A19-6F552E412A1A}
		{7B04EB5D-8AC9-47CC-80CB-5192CB41057A} = {2DA2DA6B-E1BC-4DE5-8A19-6F552E412A1A}
		{DFDBD2C1-61CB-4606-8E52-85B65C9AAEF2} = {2DA2DA6B-E1BC-4DE5-8A19-6F552E412A1A}
		{76418CAD-574E-4D62-81BD-41321411FD63} = {2DA2DA6B-E1BC-4DE5-8A19-6F552E412A1A}
		{8670E093-EDD1-451E-868E-ACFFB7258759} = {2DA2DA6B-E1BC-4DE5-8A19-6F552E412A1A}
		{2464CDE6-763F-48FC-A587-4BB84B4B5D64} = {2DA2DA6B-E1BC-4DE5-8A19-6F552E412A1A}
		{475230FD-C110-4B27-9C6A-8EF1C11B5A2E} = {2DA2DA6B-E1BC-4DE5-8A19-6F552E412A1A}
		{E684FB9B-D6E4-41C4-90C8-414ABF1E6006} = {2DA2DA6B-E1BC-4DE5-8A19-6F552E412A1A}
		{8147A742-08AC-49FD-8C51-3956E1A65E16} = {2DA2DA6B-E1BC-4DE5-8A19-6F552E412A1A}
		{513B0EBC-4A6B-455F-B190-7864F3092778} = {B78A1740-B1B7-462D-8EF8-C3875DFEDCEB}
		{E3BF3073-8DA5-4D8A-954B-9CE0BFC04A16} = {B78A1740-B1B7-462D-8EF8-C3875DFEDCEB}
		{EA1C6536-053D-4947-89AD-CE4FCE4671C2} = {B78A1740-B1B7-462D-8EF8-C3875DFEDCEB}
		{D8B24569-074B-41E2-9F23-094D2CC61FA4} = {B78A1740-B1B7-462D-8EF8-C3875DFEDCEB}
		{BC64E930-33B0-4D7C-827F-8E692BCB5C40} = {B78A1740-B1B7-462D-8EF8-C3875DFEDCEB}
		{EABBDAC6-970E-403E-A7C9-ECC410B2A040} = {B78A1740-B1B7-462D-8EF8-C3875DFEDCEB}
		{F3F87D0D-69B7-4187-95B0-BFC0DD83E311} = {B78A1740-B1B7-462D-8EF8-C3875DFEDCEB}
		{AA32970A-8178-4979-8C52-EA30EEBB77C9} = {B78A1740-B1B7-462D-8EF8-C3875DFEDCEB}
		{279176CB-1DB1-40EA-AA60-1A0469E8A6D8} = {B78A1740-B1B7-462D-8EF8-C3875DFEDCEB}
		{A4EA1E4F-874E-4D9A-8CE1-5483C5C8C33E} = {2DA2DA6B-E1BC-4DE5-8A19-6F552E412A1A}
		{8D48C235-4204-4094-B2C0-442DD544EE54} = {B78A1740-B1B7-462D-8EF8-C3875DFEDCEB}
	EndGlobalSection
	GlobalSection(ExtensibilityGlobals) = postSolution
		SolutionGuid = {9C2C9693-764C-4050-BD33-0675E8192367}
	EndGlobalSection
EndGlobal
