
Microsoft Visual Studio Solution File, Format Version 12.00
# Visual Studio Version 17
VisualStudioVersion = 17.0.31516.353
MinimumVisualStudioVersion = 10.0.40219.1
Project("{8BC9CEB8-8B4A-11D0-8D11-00A0C91BC942}") = "retron", "retron\retron.vcxproj", "{9CD231EF-367F-47D8-8F5E-7CF37C648E39}"
EndProject
Project("{2150E333-8FDC-42A3-9474-1A3956D46DE8}") = "build", "build", "{E1ABBA80-AB79-45AC-B565-C7E91FCA9339}"
	ProjectSection(SolutionItems) = preProject
		.editorconfig = .editorconfig
		vendor\ff_game_library\build\base.props = vendor\ff_game_library\build\base.props
		vendor\ff_game_library\build\cpp.props = vendor\ff_game_library\build\cpp.props
		vendor\ff_game_library\build\cpp.targets = vendor\ff_game_library\build\cpp.targets
		vendor\ff_game_library\build\cpp.xml = vendor\ff_game_library\build\cpp.xml
		vendor\ff_game_library\build\cs.props = vendor\ff_game_library\build\cs.props
		directory.build.props = directory.build.props
		directory.build.targets = directory.build.targets
		vendor\ff_game_library\build\project.props = vendor\ff_game_library\build\project.props
		README.md = README.md
		vendor\ff_game_library\build\wap.props = vendor\ff_game_library\build\wap.props
	EndProjectSection
EndProject
Project("{9A19103F-16F7-4668-BE54-9A1E7A4F7556}") = "retron.xaml", "retron.xaml\retron.xaml.csproj", "{9D9345C4-576B-43F4-84C3-1F2FC4EB6483}"
EndProject
Project("{2150E333-8FDC-42A3-9474-1A3956D46DE8}") = "vendor", "vendor", "{BE94EA9E-D7CF-46D8-9AA4-50097F83A5F0}"
EndProject
Project("{8BC9CEB8-8B4A-11D0-8D11-00A0C91BC942}") = "ff.vendor.box2d", "vendor\ff.vendor.box2d.vcxproj", "{3DFEDC2B-4438-4CF7-8DA4-733623CB8F47}"
EndProject
Project("{8BC9CEB8-8B4A-11D0-8D11-00A0C91BC942}") = "ff.vendor.directxtex", "vendor\ff_game_library\vendor\ff.vendor.directxtex.vcxproj", "{5F0B3FD1-44D5-4524-8F61-E22098986A43}"
EndProject
Project("{8BC9CEB8-8B4A-11D0-8D11-00A0C91BC942}") = "ff.vendor.libpng", "vendor\ff_game_library\vendor\ff.vendor.libpng.vcxproj", "{7023AADB-413D-4C4E-B8A7-481484C943BA}"
EndProject
Project("{8BC9CEB8-8B4A-11D0-8D11-00A0C91BC942}") = "ff.vendor.zlib", "vendor\ff_game_library\vendor\ff.vendor.zlib.vcxproj", "{D9B0464D-0E8C-48F0-98C8-FBD8BEF12BDC}"
EndProject
Project("{8BC9CEB8-8B4A-11D0-8D11-00A0C91BC942}") = "ff.application", "vendor\ff_game_library\source\ff.application\ff.application.vcxproj", "{376073E9-EA4D-4513-941C-906CA968C6C3}"
EndProject
Project("{8BC9CEB8-8B4A-11D0-8D11-00A0C91BC942}") = "ff.base", "vendor\ff_game_library\source\ff.base\ff.base.vcxproj", "{F89161F3-74E5-4B6B-9A53-6B97B83D1700}"
EndProject
Project("{8BC9CEB8-8B4A-11D0-8D11-00A0C91BC942}") = "ff.vendor.noesis_app", "vendor\ff_game_library\vendor\ff.vendor.noesis_app.vcxproj", "{31F28E6F-10BC-4A6D-B992-01FD42EDB7DE}"
EndProject
Project("{8BC9CEB8-8B4A-11D0-8D11-00A0C91BC942}") = "ff.dx", "vendor\ff_game_library\source\ff.dx\ff.dx.vcxproj", "{0580ED07-BB8F-472A-94FC-E0EE4A79421D}"
EndProject
Global
	GlobalSection(SolutionConfigurationPlatforms) = preSolution
		Debug|x64 = Debug|x64
		Profile|x64 = Profile|x64
		Release|x64 = Release|x64
	EndGlobalSection
	GlobalSection(ProjectConfigurationPlatforms) = postSolution
		{9CD231EF-367F-47D8-8F5E-7CF37C648E39}.Debug|x64.ActiveCfg = Debug|x64
		{9CD231EF-367F-47D8-8F5E-7CF37C648E39}.Debug|x64.Build.0 = Debug|x64
		{9CD231EF-367F-47D8-8F5E-7CF37C648E39}.Profile|x64.ActiveCfg = Profile|x64
		{9CD231EF-367F-47D8-8F5E-7CF37C648E39}.Profile|x64.Build.0 = Profile|x64
		{9CD231EF-367F-47D8-8F5E-7CF37C648E39}.Release|x64.ActiveCfg = Release|x64
		{9CD231EF-367F-47D8-8F5E-7CF37C648E39}.Release|x64.Build.0 = Release|x64
		{9D9345C4-576B-43F4-84C3-1F2FC4EB6483}.Debug|x64.ActiveCfg = Debug|Any CPU
		{9D9345C4-576B-43F4-84C3-1F2FC4EB6483}.Debug|x64.Build.0 = Debug|Any CPU
		{9D9345C4-576B-43F4-84C3-1F2FC4EB6483}.Profile|x64.ActiveCfg = Release|Any CPU
		{9D9345C4-576B-43F4-84C3-1F2FC4EB6483}.Profile|x64.Build.0 = Release|Any CPU
		{9D9345C4-576B-43F4-84C3-1F2FC4EB6483}.Release|x64.ActiveCfg = Release|Any CPU
		{9D9345C4-576B-43F4-84C3-1F2FC4EB6483}.Release|x64.Build.0 = Release|Any CPU
		{3DFEDC2B-4438-4CF7-8DA4-733623CB8F47}.Debug|x64.ActiveCfg = Debug|x64
		{3DFEDC2B-4438-4CF7-8DA4-733623CB8F47}.Debug|x64.Build.0 = Debug|x64
		{3DFEDC2B-4438-4CF7-8DA4-733623CB8F47}.Profile|x64.ActiveCfg = Profile|x64
		{3DFEDC2B-4438-4CF7-8DA4-733623CB8F47}.Profile|x64.Build.0 = Profile|x64
		{3DFEDC2B-4438-4CF7-8DA4-733623CB8F47}.Release|x64.ActiveCfg = Release|x64
		{3DFEDC2B-4438-4CF7-8DA4-733623CB8F47}.Release|x64.Build.0 = Release|x64
		{5F0B3FD1-44D5-4524-8F61-E22098986A43}.Debug|x64.ActiveCfg = Debug|x64
		{5F0B3FD1-44D5-4524-8F61-E22098986A43}.Debug|x64.Build.0 = Debug|x64
		{5F0B3FD1-44D5-4524-8F61-E22098986A43}.Profile|x64.ActiveCfg = Profile|x64
		{5F0B3FD1-44D5-4524-8F61-E22098986A43}.Profile|x64.Build.0 = Profile|x64
		{5F0B3FD1-44D5-4524-8F61-E22098986A43}.Release|x64.ActiveCfg = Release|x64
		{5F0B3FD1-44D5-4524-8F61-E22098986A43}.Release|x64.Build.0 = Release|x64
		{7023AADB-413D-4C4E-B8A7-481484C943BA}.Debug|x64.ActiveCfg = Debug|x64
		{7023AADB-413D-4C4E-B8A7-481484C943BA}.Debug|x64.Build.0 = Debug|x64
		{7023AADB-413D-4C4E-B8A7-481484C943BA}.Profile|x64.ActiveCfg = Profile|x64
		{7023AADB-413D-4C4E-B8A7-481484C943BA}.Profile|x64.Build.0 = Profile|x64
		{7023AADB-413D-4C4E-B8A7-481484C943BA}.Release|x64.ActiveCfg = Release|x64
		{7023AADB-413D-4C4E-B8A7-481484C943BA}.Release|x64.Build.0 = Release|x64
		{D9B0464D-0E8C-48F0-98C8-FBD8BEF12BDC}.Debug|x64.ActiveCfg = Debug|x64
		{D9B0464D-0E8C-48F0-98C8-FBD8BEF12BDC}.Debug|x64.Build.0 = Debug|x64
		{D9B0464D-0E8C-48F0-98C8-FBD8BEF12BDC}.Profile|x64.ActiveCfg = Profile|x64
		{D9B0464D-0E8C-48F0-98C8-FBD8BEF12BDC}.Profile|x64.Build.0 = Profile|x64
		{D9B0464D-0E8C-48F0-98C8-FBD8BEF12BDC}.Release|x64.ActiveCfg = Release|x64
		{D9B0464D-0E8C-48F0-98C8-FBD8BEF12BDC}.Release|x64.Build.0 = Release|x64
		{376073E9-EA4D-4513-941C-906CA968C6C3}.Debug|x64.ActiveCfg = Debug|x64
		{376073E9-EA4D-4513-941C-906CA968C6C3}.Debug|x64.Build.0 = Debug|x64
		{376073E9-EA4D-4513-941C-906CA968C6C3}.Profile|x64.ActiveCfg = Profile|x64
		{376073E9-EA4D-4513-941C-906CA968C6C3}.Profile|x64.Build.0 = Profile|x64
		{376073E9-EA4D-4513-941C-906CA968C6C3}.Release|x64.ActiveCfg = Release|x64
		{376073E9-EA4D-4513-941C-906CA968C6C3}.Release|x64.Build.0 = Release|x64
		{F89161F3-74E5-4B6B-9A53-6B97B83D1700}.Debug|x64.ActiveCfg = Debug|x64
		{F89161F3-74E5-4B6B-9A53-6B97B83D1700}.Debug|x64.Build.0 = Debug|x64
		{F89161F3-74E5-4B6B-9A53-6B97B83D1700}.Profile|x64.ActiveCfg = Profile|x64
		{F89161F3-74E5-4B6B-9A53-6B97B83D1700}.Profile|x64.Build.0 = Profile|x64
		{F89161F3-74E5-4B6B-9A53-6B97B83D1700}.Release|x64.ActiveCfg = Release|x64
		{F89161F3-74E5-4B6B-9A53-6B97B83D1700}.Release|x64.Build.0 = Release|x64
		{31F28E6F-10BC-4A6D-B992-01FD42EDB7DE}.Debug|x64.ActiveCfg = Debug|x64
		{31F28E6F-10BC-4A6D-B992-01FD42EDB7DE}.Debug|x64.Build.0 = Debug|x64
		{31F28E6F-10BC-4A6D-B992-01FD42EDB7DE}.Profile|x64.ActiveCfg = Profile|x64
		{31F28E6F-10BC-4A6D-B992-01FD42EDB7DE}.Profile|x64.Build.0 = Profile|x64
		{31F28E6F-10BC-4A6D-B992-01FD42EDB7DE}.Release|x64.ActiveCfg = Release|x64
		{31F28E6F-10BC-4A6D-B992-01FD42EDB7DE}.Release|x64.Build.0 = Release|x64
		{0580ED07-BB8F-472A-94FC-E0EE4A79421D}.Debug|x64.ActiveCfg = Debug|x64
		{0580ED07-BB8F-472A-94FC-E0EE4A79421D}.Debug|x64.Build.0 = Debug|x64
		{0580ED07-BB8F-472A-94FC-E0EE4A79421D}.Profile|x64.ActiveCfg = Profile|x64
		{0580ED07-BB8F-472A-94FC-E0EE4A79421D}.Profile|x64.Build.0 = Profile|x64
		{0580ED07-BB8F-472A-94FC-E0EE4A79421D}.Release|x64.ActiveCfg = Release|x64
		{0580ED07-BB8F-472A-94FC-E0EE4A79421D}.Release|x64.Build.0 = Release|x64
	EndGlobalSection
	GlobalSection(SolutionProperties) = preSolution
		HideSolutionNode = FALSE
	EndGlobalSection
	GlobalSection(NestedProjects) = preSolution
		{3DFEDC2B-4438-4CF7-8DA4-733623CB8F47} = {BE94EA9E-D7CF-46D8-9AA4-50097F83A5F0}
		{5F0B3FD1-44D5-4524-8F61-E22098986A43} = {BE94EA9E-D7CF-46D8-9AA4-50097F83A5F0}
		{7023AADB-413D-4C4E-B8A7-481484C943BA} = {BE94EA9E-D7CF-46D8-9AA4-50097F83A5F0}
		{D9B0464D-0E8C-48F0-98C8-FBD8BEF12BDC} = {BE94EA9E-D7CF-46D8-9AA4-50097F83A5F0}
		{376073E9-EA4D-4513-941C-906CA968C6C3} = {BE94EA9E-D7CF-46D8-9AA4-50097F83A5F0}
		{F89161F3-74E5-4B6B-9A53-6B97B83D1700} = {BE94EA9E-D7CF-46D8-9AA4-50097F83A5F0}
		{31F28E6F-10BC-4A6D-B992-01FD42EDB7DE} = {BE94EA9E-D7CF-46D8-9AA4-50097F83A5F0}
		{0580ED07-BB8F-472A-94FC-E0EE4A79421D} = {BE94EA9E-D7CF-46D8-9AA4-50097F83A5F0}
	EndGlobalSection
	GlobalSection(ExtensibilityGlobals) = postSolution
		SolutionGuid = {9C2C9693-764C-4050-BD33-0675E8192367}
	EndGlobalSection
EndGlobal
